// !$*UTF8*$!
{
	archiveVersion = 1;
	classes = {
	};
	objectVersion = 56;
	objects = {

/* Begin PBXBuildFile section */
		2F91327029038A5B00C45B4A /* AR_Project_TemplateApp.swift in Sources */ = {isa = PBXBuildFile; fileRef = 2F91326F29038A5B00C45B4A /* AR_Project_TemplateApp.swift */; };
		2F91327229038A5B00C45B4A /* ContentView.swift in Sources */ = {isa = PBXBuildFile; fileRef = 2F91327129038A5B00C45B4A /* ContentView.swift */; };
		2F91327429038A5C00C45B4A /* Assets.xcassets in Resources */ = {isa = PBXBuildFile; fileRef = 2F91327329038A5C00C45B4A /* Assets.xcassets */; };
		2F91327729038A5C00C45B4A /* Preview Assets.xcassets in Resources */ = {isa = PBXBuildFile; fileRef = 2F91327629038A5C00C45B4A /* Preview Assets.xcassets */; };
		2F91327E29038AE600C45B4A /* CustomARView.swift in Sources */ = {isa = PBXBuildFile; fileRef = 2F91327D29038AE600C45B4A /* CustomARView.swift */; };
		2F91328029038B8300C45B4A /* CustomARViewRepresentable.swift in Sources */ = {isa = PBXBuildFile; fileRef = 2F91327F29038B8300C45B4A /* CustomARViewRepresentable.swift */; };
		2F9132822903B9D000C45B4A /* ARAction.swift in Sources */ = {isa = PBXBuildFile; fileRef = 2F9132812903B9D000C45B4A /* ARAction.swift */; };
		2F9132842903BA1B00C45B4A /* ARManager.swift in Sources */ = {isa = PBXBuildFile; fileRef = 2F9132832903BA1B00C45B4A /* ARManager.swift */; };
		2F9132862903C1FB00C45B4A /* ARView+Extensions.swift in Sources */ = {isa = PBXBuildFile; fileRef = 2F9132852903C1FB00C45B4A /* ARView+Extensions.swift */; };
		2F9132892903C37300C45B4A /* FocusEntity in Frameworks */ = {isa = PBXBuildFile; productRef = 2F9132882903C37300C45B4A /* FocusEntity */; };
/* End PBXBuildFile section */

/* Begin PBXFileReference section */
		2F91326C29038A5B00C45B4A /* AR-Project-Template.app */ = {isa = PBXFileReference; explicitFileType = wrapper.application; includeInIndex = 0; path = "AR-Project-Template.app"; sourceTree = BUILT_PRODUCTS_DIR; };
		2F91326F29038A5B00C45B4A /* AR_Project_TemplateApp.swift */ = {isa = PBXFileReference; lastKnownFileType = sourcecode.swift; path = AR_Project_TemplateApp.swift; sourceTree = "<group>"; };
		2F91327129038A5B00C45B4A /* ContentView.swift */ = {isa = PBXFileReference; lastKnownFileType = sourcecode.swift; path = ContentView.swift; sourceTree = "<group>"; };
		2F91327329038A5C00C45B4A /* Assets.xcassets */ = {isa = PBXFileReference; lastKnownFileType = folder.assetcatalog; path = Assets.xcassets; sourceTree = "<group>"; };
		2F91327629038A5C00C45B4A /* Preview Assets.xcassets */ = {isa = PBXFileReference; lastKnownFileType = folder.assetcatalog; path = "Preview Assets.xcassets"; sourceTree = "<group>"; };
		2F91327D29038AE600C45B4A /* CustomARView.swift */ = {isa = PBXFileReference; lastKnownFileType = sourcecode.swift; path = CustomARView.swift; sourceTree = "<group>"; };
		2F91327F29038B8300C45B4A /* CustomARViewRepresentable.swift */ = {isa = PBXFileReference; lastKnownFileType = sourcecode.swift; path = CustomARViewRepresentable.swift; sourceTree = "<group>"; };
		2F9132812903B9D000C45B4A /* ARAction.swift */ = {isa = PBXFileReference; lastKnownFileType = sourcecode.swift; path = ARAction.swift; sourceTree = "<group>"; };
		2F9132832903BA1B00C45B4A /* ARManager.swift */ = {isa = PBXFileReference; lastKnownFileType = sourcecode.swift; path = ARManager.swift; sourceTree = "<group>"; };
		2F9132852903C1FB00C45B4A /* ARView+Extensions.swift */ = {isa = PBXFileReference; lastKnownFileType = sourcecode.swift; path = "ARView+Extensions.swift"; sourceTree = "<group>"; };
/* End PBXFileReference section */

/* Begin PBXFrameworksBuildPhase section */
		2F91326929038A5B00C45B4A /* Frameworks */ = {
			isa = PBXFrameworksBuildPhase;
			buildActionMask = 2147483647;
			files = (
				2F9132892903C37300C45B4A /* FocusEntity in Frameworks */,
			);
			runOnlyForDeploymentPostprocessing = 0;
		};
/* End PBXFrameworksBuildPhase section */

/* Begin PBXGroup section */
		2F91326329038A5B00C45B4A = {
			isa = PBXGroup;
			children = (
				2F91326E29038A5B00C45B4A /* AR-Project-Template */,
				2F91326D29038A5B00C45B4A /* Products */,
			);
			sourceTree = "<group>";
		};
		2F91326D29038A5B00C45B4A /* Products */ = {
			isa = PBXGroup;
			children = (
				2F91326C29038A5B00C45B4A /* AR-Project-Template.app */,
			);
			name = Products;
			sourceTree = "<group>";
		};
		2F91326E29038A5B00C45B4A /* AR-Project-Template */ = {
			isa = PBXGroup;
			children = (
				2F91326F29038A5B00C45B4A /* AR_Project_TemplateApp.swift */,
				2F91327129038A5B00C45B4A /* ContentView.swift */,
				2F91327D29038AE600C45B4A /* CustomARView.swift */,
				2F9132852903C1FB00C45B4A /* ARView+Extensions.swift */,
				2F91327F29038B8300C45B4A /* CustomARViewRepresentable.swift */,
				2F9132812903B9D000C45B4A /* ARAction.swift */,
				2F9132832903BA1B00C45B4A /* ARManager.swift */,
				2F91327329038A5C00C45B4A /* Assets.xcassets */,
				2F91327529038A5C00C45B4A /* Preview Content */,
			);
			path = "AR-Project-Template";
			sourceTree = "<group>";
		};
		2F91327529038A5C00C45B4A /* Preview Content */ = {
			isa = PBXGroup;
			children = (
				2F91327629038A5C00C45B4A /* Preview Assets.xcassets */,
			);
			path = "Preview Content";
			sourceTree = "<group>";
		};
/* End PBXGroup section */

/* Begin PBXNativeTarget section */
		2F91326B29038A5B00C45B4A /* AR-Project-Template */ = {
			isa = PBXNativeTarget;
			buildConfigurationList = 2F91327A29038A5C00C45B4A /* Build configuration list for PBXNativeTarget "AR-Project-Template" */;
			buildPhases = (
				2F91326829038A5B00C45B4A /* Sources */,
				2F91326929038A5B00C45B4A /* Frameworks */,
				2F91326A29038A5B00C45B4A /* Resources */,
			);
			buildRules = (
			);
			dependencies = (
			);
			name = "AR-Project-Template";
			packageProductDependencies = (
				2F9132882903C37300C45B4A /* FocusEntity */,
			);
			productName = "AR-Project-Template";
			productReference = 2F91326C29038A5B00C45B4A /* AR-Project-Template.app */;
			productType = "com.apple.product-type.application";
		};
/* End PBXNativeTarget section */

/* Begin PBXProject section */
		2F91326429038A5B00C45B4A /* Project object */ = {
			isa = PBXProject;
			attributes = {
				BuildIndependentTargetsInParallel = 1;
				LastSwiftUpdateCheck = 1400;
				LastUpgradeCheck = 1400;
				TargetAttributes = {
					2F91326B29038A5B00C45B4A = {
						CreatedOnToolsVersion = 14.0.1;
					};
				};
			};
			buildConfigurationList = 2F91326729038A5B00C45B4A /* Build configuration list for PBXProject "AR-Project-Template" */;
			compatibilityVersion = "Xcode 14.0";
			developmentRegion = en;
			hasScannedForEncodings = 0;
			knownRegions = (
				en,
				Base,
			);
			mainGroup = 2F91326329038A5B00C45B4A;
			packageReferences = (
				2F9132872903C37300C45B4A /* XCRemoteSwiftPackageReference "FocusEntity" */,
			);
			productRefGroup = 2F91326D29038A5B00C45B4A /* Products */;
			projectDirPath = "";
			projectRoot = "";
			targets = (
				2F91326B29038A5B00C45B4A /* AR-Project-Template */,
			);
		};
/* End PBXProject section */

/* Begin PBXResourcesBuildPhase section */
		2F91326A29038A5B00C45B4A /* Resources */ = {
			isa = PBXResourcesBuildPhase;
			buildActionMask = 2147483647;
			files = (
				2F91327729038A5C00C45B4A /* Preview Assets.xcassets in Resources */,
				2F91327429038A5C00C45B4A /* Assets.xcassets in Resources */,
			);
			runOnlyForDeploymentPostprocessing = 0;
		};
/* End PBXResourcesBuildPhase section */

/* Begin PBXSourcesBuildPhase section */
		2F91326829038A5B00C45B4A /* Sources */ = {
			isa = PBXSourcesBuildPhase;
			buildActionMask = 2147483647;
			files = (
				2F91327229038A5B00C45B4A /* ContentView.swift in Sources */,
				2F9132822903B9D000C45B4A /* ARAction.swift in Sources */,
				2F91327E29038AE600C45B4A /* CustomARView.swift in Sources */,
				2F91327029038A5B00C45B4A /* AR_Project_TemplateApp.swift in Sources */,
				2F9132842903BA1B00C45B4A /* ARManager.swift in Sources */,
				2F91328029038B8300C45B4A /* CustomARViewRepresentable.swift in Sources */,
				2F9132862903C1FB00C45B4A /* ARView+Extensions.swift in Sources */,
			);
			runOnlyForDeploymentPostprocessing = 0;
		};
/* End PBXSourcesBuildPhase section */

/* Begin XCBuildConfiguration section */
		2F91327829038A5C00C45B4A /* Debug */ = {
			isa = XCBuildConfiguration;
			buildSettings = {
				ALWAYS_SEARCH_USER_PATHS = NO;
				CLANG_ANALYZER_NONNULL = YES;
				CLANG_ANALYZER_NUMBER_OBJECT_CONVERSION = YES_AGGRESSIVE;
				CLANG_CXX_LANGUAGE_STANDARD = "gnu++20";
				CLANG_ENABLE_MODULES = YES;
				CLANG_ENABLE_OBJC_ARC = YES;
				CLANG_ENABLE_OBJC_WEAK = YES;
				CLANG_WARN_BLOCK_CAPTURE_AUTORELEASING = YES;
				CLANG_WARN_BOOL_CONVERSION = YES;
				CLANG_WARN_COMMA = YES;
				CLANG_WARN_CONSTANT_CONVERSION = YES;
				CLANG_WARN_DEPRECATED_OBJC_IMPLEMENTATIONS = YES;
				CLANG_WARN_DIRECT_OBJC_ISA_USAGE = YES_ERROR;
				CLANG_WARN_DOCUMENTATION_COMMENTS = YES;
				CLANG_WARN_EMPTY_BODY = YES;
				CLANG_WARN_ENUM_CONVERSION = YES;
				CLANG_WARN_INFINITE_RECURSION = YES;
				CLANG_WARN_INT_CONVERSION = YES;
				CLANG_WARN_NON_LITERAL_NULL_CONVERSION = YES;
				CLANG_WARN_OBJC_IMPLICIT_RETAIN_SELF = YES;
				CLANG_WARN_OBJC_LITERAL_CONVERSION = YES;
				CLANG_WARN_OBJC_ROOT_CLASS = YES_ERROR;
				CLANG_WARN_QUOTED_INCLUDE_IN_FRAMEWORK_HEADER = YES;
				CLANG_WARN_RANGE_LOOP_ANALYSIS = YES;
				CLANG_WARN_STRICT_PROTOTYPES = YES;
				CLANG_WARN_SUSPICIOUS_MOVE = YES;
				CLANG_WARN_UNGUARDED_AVAILABILITY = YES_AGGRESSIVE;
				CLANG_WARN_UNREACHABLE_CODE = YES;
				CLANG_WARN__DUPLICATE_METHOD_MATCH = YES;
				COPY_PHASE_STRIP = NO;
				DEBUG_INFORMATION_FORMAT = dwarf;
				ENABLE_STRICT_OBJC_MSGSEND = YES;
				ENABLE_TESTABILITY = YES;
				GCC_C_LANGUAGE_STANDARD = gnu11;
				GCC_DYNAMIC_NO_PIC = NO;
				GCC_NO_COMMON_BLOCKS = YES;
				GCC_OPTIMIZATION_LEVEL = 0;
				GCC_PREPROCESSOR_DEFINITIONS = (
					"DEBUG=1",
					"$(inherited)",
				);
				GCC_WARN_64_TO_32_BIT_CONVERSION = YES;
				GCC_WARN_ABOUT_RETURN_TYPE = YES_ERROR;
				GCC_WARN_UNDECLARED_SELECTOR = YES;
				GCC_WARN_UNINITIALIZED_AUTOS = YES_AGGRESSIVE;
				GCC_WARN_UNUSED_FUNCTION = YES;
				GCC_WARN_UNUSED_VARIABLE = YES;
				IPHONEOS_DEPLOYMENT_TARGET = 16.0;
				MTL_ENABLE_DEBUG_INFO = INCLUDE_SOURCE;
				MTL_FAST_MATH = YES;
				ONLY_ACTIVE_ARCH = YES;
				SDKROOT = iphoneos;
				SWIFT_ACTIVE_COMPILATION_CONDITIONS = DEBUG;
				SWIFT_OPTIMIZATION_LEVEL = "-Onone";
			};
			name = Debug;
		};
		2F91327929038A5C00C45B4A /* Release */ = {
			isa = XCBuildConfiguration;
			buildSettings = {
				ALWAYS_SEARCH_USER_PATHS = NO;
				CLANG_ANALYZER_NONNULL = YES;
				CLANG_ANALYZER_NUMBER_OBJECT_CONVERSION = YES_AGGRESSIVE;
				CLANG_CXX_LANGUAGE_STANDARD = "gnu++20";
				CLANG_ENABLE_MODULES = YES;
				CLANG_ENABLE_OBJC_ARC = YES;
				CLANG_ENABLE_OBJC_WEAK = YES;
				CLANG_WARN_BLOCK_CAPTURE_AUTORELEASING = YES;
				CLANG_WARN_BOOL_CONVERSION = YES;
				CLANG_WARN_COMMA = YES;
				CLANG_WARN_CONSTANT_CONVERSION = YES;
				CLANG_WARN_DEPRECATED_OBJC_IMPLEMENTATIONS = YES;
				CLANG_WARN_DIRECT_OBJC_ISA_USAGE = YES_ERROR;
				CLANG_WARN_DOCUMENTATION_COMMENTS = YES;
				CLANG_WARN_EMPTY_BODY = YES;
				CLANG_WARN_ENUM_CONVERSION = YES;
				CLANG_WARN_INFINITE_RECURSION = YES;
				CLANG_WARN_INT_CONVERSION = YES;
				CLANG_WARN_NON_LITERAL_NULL_CONVERSION = YES;
				CLANG_WARN_OBJC_IMPLICIT_RETAIN_SELF = YES;
				CLANG_WARN_OBJC_LITERAL_CONVERSION = YES;
				CLANG_WARN_OBJC_ROOT_CLASS = YES_ERROR;
				CLANG_WARN_QUOTED_INCLUDE_IN_FRAMEWORK_HEADER = YES;
				CLANG_WARN_RANGE_LOOP_ANALYSIS = YES;
				CLANG_WARN_STRICT_PROTOTYPES = YES;
				CLANG_WARN_SUSPICIOUS_MOVE = YES;
				CLANG_WARN_UNGUARDED_AVAILABILITY = YES_AGGRESSIVE;
				CLANG_WARN_UNREACHABLE_CODE = YES;
				CLANG_WARN__DUPLICATE_METHOD_MATCH = YES;
				COPY_PHASE_STRIP = NO;
				DEBUG_INFORMATION_FORMAT = "dwarf-with-dsym";
				ENABLE_NS_ASSERTIONS = NO;
				ENABLE_STRICT_OBJC_MSGSEND = YES;
				GCC_C_LANGUAGE_STANDARD = gnu11;
				GCC_NO_COMMON_BLOCKS = YES;
				GCC_WARN_64_TO_32_BIT_CONVERSION = YES;
				GCC_WARN_ABOUT_RETURN_TYPE = YES_ERROR;
				GCC_WARN_UNDECLARED_SELECTOR = YES;
				GCC_WARN_UNINITIALIZED_AUTOS = YES_AGGRESSIVE;
				GCC_WARN_UNUSED_FUNCTION = YES;
				GCC_WARN_UNUSED_VARIABLE = YES;
				IPHONEOS_DEPLOYMENT_TARGET = 16.0;
				MTL_ENABLE_DEBUG_INFO = NO;
				MTL_FAST_MATH = YES;
				SDKROOT = iphoneos;
				SWIFT_COMPILATION_MODE = wholemodule;
				SWIFT_OPTIMIZATION_LEVEL = "-O";
				VALIDATE_PRODUCT = YES;
			};
			name = Release;
		};
		2F91327B29038A5C00C45B4A /* Debug */ = {
			isa = XCBuildConfiguration;
			buildSettings = {
				ASSETCATALOG_COMPILER_APPICON_NAME = AppIcon;
				ASSETCATALOG_COMPILER_GLOBAL_ACCENT_COLOR_NAME = AccentColor;
				CODE_SIGN_STYLE = Automatic;
				CURRENT_PROJECT_VERSION = 1;
				DEVELOPMENT_ASSET_PATHS = "\"AR-Project-Template/Preview Content\"";
				DEVELOPMENT_TEAM = 4BP826FJGX;
				ENABLE_PREVIEWS = YES;
				GENERATE_INFOPLIST_FILE = YES;
				INFOPLIST_KEY_NSCameraUsageDescription = "This app requires the use of your camera to provide AR features";
				INFOPLIST_KEY_UIApplicationSceneManifest_Generation = YES;
				INFOPLIST_KEY_UIApplicationSupportsIndirectInputEvents = YES;
				INFOPLIST_KEY_UILaunchScreen_Generation = YES;
				INFOPLIST_KEY_UISupportedInterfaceOrientations_iPad = "UIInterfaceOrientationPortrait UIInterfaceOrientationPortraitUpsideDown UIInterfaceOrientationLandscapeLeft UIInterfaceOrientationLandscapeRight";
				INFOPLIST_KEY_UISupportedInterfaceOrientations_iPhone = "UIInterfaceOrientationPortrait UIInterfaceOrientationLandscapeLeft UIInterfaceOrientationLandscapeRight";
				LD_RUNPATH_SEARCH_PATHS = (
					"$(inherited)",
					"@executable_path/Frameworks",
				);
				MARKETING_VERSION = 1.0;
				PRODUCT_BUNDLE_IDENTIFIER = "dev.neurothrone.AR-Project-Template";
				PRODUCT_NAME = "$(TARGET_NAME)";
				SWIFT_EMIT_LOC_STRINGS = YES;
				SWIFT_VERSION = 5.0;
				TARGETED_DEVICE_FAMILY = "1,2";
			};
			name = Debug;
		};
		2F91327C29038A5C00C45B4A /* Release */ = {
			isa = XCBuildConfiguration;
			buildSettings = {
				ASSETCATALOG_COMPILER_APPICON_NAME = AppIcon;
				ASSETCATALOG_COMPILER_GLOBAL_ACCENT_COLOR_NAME = AccentColor;
				CODE_SIGN_STYLE = Automatic;
				CURRENT_PROJECT_VERSION = 1;
				DEVELOPMENT_ASSET_PATHS = "\"AR-Project-Template/Preview Content\"";
				DEVELOPMENT_TEAM = 4BP826FJGX;
				ENABLE_PREVIEWS = YES;
				GENERATE_INFOPLIST_FILE = YES;
				INFOPLIST_KEY_NSCameraUsageDescription = "This app requires the use of your camera to provide AR features";
				INFOPLIST_KEY_UIApplicationSceneManifest_Generation = YES;
				INFOPLIST_KEY_UIApplicationSupportsIndirectInputEvents = YES;
				INFOPLIST_KEY_UILaunchScreen_Generation = YES;
				INFOPLIST_KEY_UISupportedInterfaceOrientations_iPad = "UIInterfaceOrientationPortrait UIInterfaceOrientationPortraitUpsideDown UIInterfaceOrientationLandscapeLeft UIInterfaceOrientationLandscapeRight";
				INFOPLIST_KEY_UISupportedInterfaceOrientations_iPhone = "UIInterfaceOrientationPortrait UIInterfaceOrientationLandscapeLeft UIInterfaceOrientationLandscapeRight";
				LD_RUNPATH_SEARCH_PATHS = (
					"$(inherited)",
					"@executable_path/Frameworks",
				);
				MARKETING_VERSION = 1.0;
				PRODUCT_BUNDLE_IDENTIFIER = "dev.neurothrone.AR-Project-Template";
				PRODUCT_NAME = "$(TARGET_NAME)";
				SWIFT_EMIT_LOC_STRINGS = YES;
				SWIFT_VERSION = 5.0;
				TARGETED_DEVICE_FAMILY = "1,2";
			};
			name = Release;
		};
/* End XCBuildConfiguration section */

/* Begin XCConfigurationList section */
		2F91326729038A5B00C45B4A /* Build configuration list for PBXProject "AR-Project-Template" */ = {
			isa = XCConfigurationList;
			buildConfigurations = (
				2F91327829038A5C00C45B4A /* Debug */,
				2F91327929038A5C00C45B4A /* Release */,
			);
			defaultConfigurationIsVisible = 0;
			defaultConfigurationName = Release;
		};
		2F91327A29038A5C00C45B4A /* Build configuration list for PBXNativeTarget "AR-Project-Template" */ = {
			isa = XCConfigurationList;
			buildConfigurations = (
				2F91327B29038A5C00C45B4A /* Debug */,
				2F91327C29038A5C00C45B4A /* Release */,
			);
			defaultConfigurationIsVisible = 0;
			defaultConfigurationName = Release;
		};
/* End XCConfigurationList section */

/* Begin XCRemoteSwiftPackageReference section */
		2F9132872903C37300C45B4A /* XCRemoteSwiftPackageReference "FocusEntity" */ = {
			isa = XCRemoteSwiftPackageReference;
			repositoryURL = "https://github.com/maxxfrazer/FocusEntity";
			requirement = {
				kind = upToNextMajorVersion;
				minimumVersion = 2.0.0;
			};
		};
/* End XCRemoteSwiftPackageReference section */

/* Begin XCSwiftPackageProductDependency section */
		2F9132882903C37300C45B4A /* FocusEntity */ = {
			isa = XCSwiftPackageProductDependency;
			package = 2F9132872903C37300C45B4A /* XCRemoteSwiftPackageReference "FocusEntity" */;
			productName = FocusEntity;
		};
/* End XCSwiftPackageProductDependency section */
	};
	rootObject = 2F91326429038A5B00C45B4A /* Project object */;
}
